# This file is automatically @generated by Cargo.
# It is not intended for manual editing.
version = 3

[[package]]
name = "example"
version = "0.1.0"
dependencies = [
 "hex",
 "rust_runtime",
 "wasm_allocator",
]

[[package]]
name = "hex"
version = "0.4.3"
source = "registry+https://github.com/rust-lang/crates.io-index"
checksum = "7f24254aa9a54b5c858eaee2f5bccdb46aaf0e486a595ed5fd8f86ba55232a70"

[[package]]
name = "rust_runtime"
version = "0.1.0"

[[package]]
name = "wasm_allocator"
version = "0.1.1"
source = "registry+https://github.com/rust-lang/crates.io-index"
checksum = "0c8f71f7436c9b614d8b94613c053fb38e87fd22796cc27c780ee97ec9a085b1"
